dependencies:
- name: common
  repository: https://charts.bitnami.com/bitnami
  version: 1.4.3
- name: elasticsearch
  repository: https://charts.bitnami.com/bitnami
  version: 14.5.3
- name: fluentd
  repository: https://charts.bitnami.com/bitnami
  version: 3.6.8
digest: sha256:0605c3885760e0bd9747131f0a25c8fd0af89621a7568b01b4e8e67bc545a2fa
generated: "2021-07-23T00:05:01.995124461-04:00"
