dependencies:
- name: common
  repository: https://charts.bitnami.com/bitnami
  version: 1.4.2
- name: elasticsearch
  repository: https://charts.bitnami.com/bitnami
  version: 14.5.3
- name: fluentd
  repository: https://charts.bitnami.com/bitnami
  version: 3.6.4
digest: sha256:a1e3286078b6bce8d889eddda2bd63aecfef6c61b65bbace9cfa7d91b219f97c
generated: "2021-04-07T15:15:03.725138782-04:00"
